
Microsoft Visual Studio Solution File, Format Version 12.00
# Visual Studio Version 17
VisualStudioVersion = 17.0.31903.59
MinimumVisualStudioVersion = 10.0.40219.1
Project("{9A19103F-16F7-4668-BE54-9A1E7A4F7556}") = "LocoCalc.Core", "LocoCalc.Core\LocoCalc.Core.csproj", "{201FF592-080E-4317-97DE-380A0BCA2060}"
EndProject
Project("{9A19103F-16F7-4668-BE54-9A1E7A4F7556}") = "LocoCalc.Desktop", "LocoCalc.Desktop\LocoCalc.Desktop.csproj", "{FAA224AA-6D92-449C-AC13-4506BACBB201}"
EndProject
Project("{9A19103F-16F7-4668-BE54-9A1E7A4F7556}") = "LocoCalc.Android", "LocoCalc.Android\LocoCalc.Android.csproj", "{22DF94D5-8F2D-4F9B-BFB4-A645B5F6808C}"
EndProject
Global
    GlobalSection(SolutionConfigurationPlatforms) = preSolution
        Debug|Any CPU = Debug|Any CPU
        Release|Any CPU = Release|Any CPU
    EndGlobalSection
    GlobalSection(ProjectConfigurationPlatforms) = postSolution
        {201FF592-080E-4317-97DE-380A0BCA2060}.Debug|Any CPU.ActiveCfg = Debug|Any CPU
        {201FF592-080E-4317-97DE-380A0BCA2060}.Debug|Any CPU.Build.0 = Debug|Any CPU
        {201FF592-080E-4317-97DE-380A0BCA2060}.Release|Any CPU.ActiveCfg = Release|Any CPU
        {201FF592-080E-4317-97DE-380A0BCA2060}.Release|Any CPU.Build.0 = Release|Any CPU
        {FAA224AA-6D92-449C-AC13-4506BACBB201}.Debug|Any CPU.ActiveCfg = Debug|Any CPU
        {FAA224AA-6D92-449C-AC13-4506BACBB201}.Debug|Any CPU.Build.0 = Debug|Any CPU
        {FAA224AA-6D92-449C-AC13-4506BACBB201}.Release|Any CPU.ActiveCfg = Release|Any CPU
        {FAA224AA-6D92-449C-AC13-4506BACBB201}.Release|Any CPU.Build.0 = Release|Any CPU
        {22DF94D5-8F2D-4F9B-BFB4-A645B5F6808C}.Debug|Any CPU.ActiveCfg = Debug|Any CPU
        {22DF94D5-8F2D-4F9B-BFB4-A645B5F6808C}.Debug|Any CPU.Build.0 = Debug|Any CPU
        {22DF94D5-8F2D-4F9B-BFB4-A645B5F6808C}.Release|Any CPU.ActiveCfg = Release|Any CPU
        {22DF94D5-8F2D-4F9B-BFB4-A645B5F6808C}.Release|Any CPU.Build.0 = Release|Any CPU
    EndGlobalSection
    GlobalSection(SolutionProperties) = preSolution
        HideSolutionNode = FALSE
    EndGlobalSection
EndGlobal
